
Microsoft Visual Studio Solution File, Format Version 12.00
# Visual Studio 14
VisualStudioVersion = 14.0.25123.0
MinimumVisualStudioVersion = 10.0.40219.1
Project("{FAE04EC0-301F-11D3-BF4B-00C04F79EFBC}") = "QuizApp", "QuizApp\QuizApp.csproj", "{7469F551-C166-4253-91B9-208859BC6E29}"
EndProject
Project("{FAE04EC0-301F-11D3-BF4B-00C04F79EFBC}") = "QuizApp.Tests", "QuizApp.Tests\QuizApp.Tests.csproj", "{B21E4DEA-A538-4C89-803A-4D854D70EC04}"
EndProject
Global
	GlobalSection(SolutionConfigurationPlatforms) = preSolution
		Debug|Any CPU = Debug|Any CPU
		Release|Any CPU = Release|Any CPU
	EndGlobalSection
	GlobalSection(ProjectConfigurationPlatforms) = postSolution
		{7469F551-C166-4253-91B9-208859BC6E29}.Debug|Any CPU.ActiveCfg = Debug|Any CPU
		{7469F551-C166-4253-91B9-208859BC6E29}.Debug|Any CPU.Build.0 = Debug|Any CPU
		{7469F551-C166-4253-91B9-208859BC6E29}.Release|Any CPU.ActiveCfg = Release|Any CPU
		{7469F551-C166-4253-91B9-208859BC6E29}.Release|Any CPU.Build.0 = Release|Any CPU
		{B21E4DEA-A538-4C89-803A-4D854D70EC04}.Debug|Any CPU.ActiveCfg = Debug|Any CPU
		{B21E4DEA-A538-4C89-803A-4D854D70EC04}.Debug|Any CPU.Build.0 = Debug|Any CPU
		{B21E4DEA-A538-4C89-803A-4D854D70EC04}.Release|Any CPU.ActiveCfg = Release|Any CPU
		{B21E4DEA-A538-4C89-803A-4D854D70EC04}.Release|Any CPU.Build.0 = Release|Any CPU
	EndGlobalSection
	GlobalSection(SolutionProperties) = preSolution
		HideSolutionNode = FALSE
	EndGlobalSection
EndGlobal
